Microsoft Visual Studio Solution File, Format Version 7.00
Project("{FAE04EC0-301F-11D3-BF4B-00C04F79EFBC}") = "DrawText", "DrawText.csproj", "{B8D3734D-90C5-4BED-8C70-2ADF26B28078}"
EndProject
Global
	GlobalSection(SolutionConfiguration) = preSolution
		ConfigName.0 = Debug
		ConfigName.1 = Release
	EndGlobalSection
	GlobalSection(ProjectDependencies) = postSolution
	EndGlobalSection
	GlobalSection(ProjectConfiguration) = postSolution
		{B8D3734D-90C5-4BED-8C70-2ADF26B28078}.Debug.ActiveCfg = Debug|.NET
		{B8D3734D-90C5-4BED-8C70-2ADF26B28078}.Debug.Build.0 = Debug|.NET
		{B8D3734D-90C5-4BED-8C70-2ADF26B28078}.Release.ActiveCfg = Release|.NET
		{B8D3734D-90C5-4BED-8C70-2ADF26B28078}.Release.Build.0 = Release|.NET
	EndGlobalSection
	GlobalSection(ExtensibilityGlobals) = postSolution
	EndGlobalSection
	GlobalSection(ExtensibilityAddIns) = postSolution
	EndGlobalSection
EndGlobal
