Microsoft Visual Studio Solution File, Format Version 7.00
Project("{FAE04EC0-301F-11D3-BF4B-00C04F79EFBC}") = "SerialSample1", "SerialSample1.csproj", "{1EE2CE89-6F55-44CA-97DA-FBE82220D8A2}"
EndProject
Global
	GlobalSection(SolutionConfiguration) = preSolution
		ConfigName.0 = Debug
		ConfigName.1 = Release
	EndGlobalSection
	GlobalSection(ProjectDependencies) = postSolution
	EndGlobalSection
	GlobalSection(ProjectConfiguration) = postSolution
		{1EE2CE89-6F55-44CA-97DA-FBE82220D8A2}.Debug.ActiveCfg = Debug|.NET
		{1EE2CE89-6F55-44CA-97DA-FBE82220D8A2}.Debug.Build.0 = Debug|.NET
		{1EE2CE89-6F55-44CA-97DA-FBE82220D8A2}.Release.ActiveCfg = Release|.NET
		{1EE2CE89-6F55-44CA-97DA-FBE82220D8A2}.Release.Build.0 = Release|.NET
	EndGlobalSection
	GlobalSection(ExtensibilityGlobals) = postSolution
	EndGlobalSection
	GlobalSection(ExtensibilityAddIns) = postSolution
	EndGlobalSection
EndGlobal
