Microsoft Visual Studio Solution File, Format Version 7.00
Project("{FAE04EC0-301F-11D3-BF4B-00C04F79EFBC}") = "DirectoryTest", "DirectoryTest.csproj", "{50038FA1-48C3-4098-8925-1B383B6FBA83}"
EndProject
Global
	GlobalSection(SolutionConfiguration) = preSolution
		ConfigName.0 = Debug
		ConfigName.1 = Release
	EndGlobalSection
	GlobalSection(ProjectDependencies) = postSolution
	EndGlobalSection
	GlobalSection(ProjectConfiguration) = postSolution
		{50038FA1-48C3-4098-8925-1B383B6FBA83}.Debug.ActiveCfg = Debug|.NET
		{50038FA1-48C3-4098-8925-1B383B6FBA83}.Debug.Build.0 = Debug|.NET
		{50038FA1-48C3-4098-8925-1B383B6FBA83}.Release.ActiveCfg = Release|.NET
		{50038FA1-48C3-4098-8925-1B383B6FBA83}.Release.Build.0 = Release|.NET
	EndGlobalSection
	GlobalSection(ExtensibilityGlobals) = postSolution
	EndGlobalSection
	GlobalSection(ExtensibilityAddIns) = postSolution
	EndGlobalSection
EndGlobal
