Microsoft Visual Studio Solution File, Format Version 7.00
Project("{FAE04EC0-301F-11D3-BF4B-00C04F79EFBC}") = "ScrollMoreShapes", "ScrollMoreShapes.csproj", "{76DDED11-0B78-49D5-973D-0E5B36AA91A7}"
EndProject
Global
	GlobalSection(SolutionConfiguration) = preSolution
		ConfigName.0 = Debug
		ConfigName.1 = Release
	EndGlobalSection
	GlobalSection(ProjectDependencies) = postSolution
	EndGlobalSection
	GlobalSection(ProjectConfiguration) = postSolution
		{76DDED11-0B78-49D5-973D-0E5B36AA91A7}.Debug.ActiveCfg = Debug|.NET
		{76DDED11-0B78-49D5-973D-0E5B36AA91A7}.Debug.Build.0 = Debug|.NET
		{76DDED11-0B78-49D5-973D-0E5B36AA91A7}.Release.ActiveCfg = Release|.NET
		{76DDED11-0B78-49D5-973D-0E5B36AA91A7}.Release.Build.0 = Release|.NET
	EndGlobalSection
	GlobalSection(ExtensibilityGlobals) = postSolution
	EndGlobalSection
	GlobalSection(ExtensibilityAddIns) = postSolution
	EndGlobalSection
EndGlobal
