Microsoft Visual Studio Solution File, Format Version 7.00
Project("{FAE04EC0-301F-11D3-BF4B-00C04F79EFBC}") = "PCSWebApp1", "http://localhost/PCSWebApp1/PCSWebApp1.csproj", "{ABDC2280-0070-4259-AE86-95BD207F8F56}"
EndProject
Project("{FAE04EC0-301F-11D3-BF4B-00C04F79EFBC}") = "PCSWebApp2", "http://localhost/PCSWebApp2/PCSWebApp2.csproj", "{6D80AE2D-AA88-4C3F-8E0F-5D39190D8302}"
EndProject
Project("{FAE04EC0-301F-11D3-BF4B-00C04F79EFBC}") = "PCSWebApp3", "http://localhost/PCSWebApp3/PCSWebApp3.csproj", "{3076B04D-EBAE-4160-AA70-F5CCA4158A05}"
EndProject
Global
	GlobalSection(SolutionConfiguration) = preSolution
		ConfigName.0 = Debug
		ConfigName.1 = Release
	EndGlobalSection
	GlobalSection(ProjectDependencies) = postSolution
	EndGlobalSection
	GlobalSection(ProjectConfiguration) = postSolution
		{ABDC2280-0070-4259-AE86-95BD207F8F56}.Debug.ActiveCfg = Debug|.NET
		{ABDC2280-0070-4259-AE86-95BD207F8F56}.Debug.Build.0 = Debug|.NET
		{ABDC2280-0070-4259-AE86-95BD207F8F56}.Release.ActiveCfg = Release|.NET
		{ABDC2280-0070-4259-AE86-95BD207F8F56}.Release.Build.0 = Release|.NET
		{6D80AE2D-AA88-4C3F-8E0F-5D39190D8302}.Debug.ActiveCfg = Debug|.NET
		{6D80AE2D-AA88-4C3F-8E0F-5D39190D8302}.Debug.Build.0 = Debug|.NET
		{6D80AE2D-AA88-4C3F-8E0F-5D39190D8302}.Release.ActiveCfg = Release|.NET
		{6D80AE2D-AA88-4C3F-8E0F-5D39190D8302}.Release.Build.0 = Release|.NET
		{3076B04D-EBAE-4160-AA70-F5CCA4158A05}.Debug.ActiveCfg = Debug|.NET
		{3076B04D-EBAE-4160-AA70-F5CCA4158A05}.Debug.Build.0 = Debug|.NET
		{3076B04D-EBAE-4160-AA70-F5CCA4158A05}.Release.ActiveCfg = Release|.NET
		{3076B04D-EBAE-4160-AA70-F5CCA4158A05}.Release.Build.0 = Release|.NET
	EndGlobalSection
	GlobalSection(ExtensibilityGlobals) = postSolution
	EndGlobalSection
	GlobalSection(ExtensibilityAddIns) = postSolution
	EndGlobalSection
EndGlobal
