Microsoft Visual Studio Solution File, Format Version 7.00
Project("{FAE04EC0-301F-11D3-BF4B-00C04F79EFBC}") = "HelloClient", "HelloClient.csproj", "{8E2B045B-8994-454C-9DA9-AA2946594AFD}"
EndProject
Global
	GlobalSection(SolutionConfiguration) = preSolution
		ConfigName.0 = Debug
		ConfigName.1 = Release
	EndGlobalSection
	GlobalSection(ProjectDependencies) = postSolution
	EndGlobalSection
	GlobalSection(ProjectConfiguration) = postSolution
		{8E2B045B-8994-454C-9DA9-AA2946594AFD}.Debug.ActiveCfg = Debug|.NET
		{8E2B045B-8994-454C-9DA9-AA2946594AFD}.Debug.Build.0 = Debug|.NET
		{8E2B045B-8994-454C-9DA9-AA2946594AFD}.Release.ActiveCfg = Release|.NET
		{8E2B045B-8994-454C-9DA9-AA2946594AFD}.Release.Build.0 = Release|.NET
	EndGlobalSection
	GlobalSection(ExtensibilityGlobals) = postSolution
	EndGlobalSection
	GlobalSection(ExtensibilityAddIns) = postSolution
	EndGlobalSection
EndGlobal
