Microsoft Visual Studio Solution File, Format Version 7.00
Project("{FAE04EC0-301F-11D3-BF4B-00C04F79EFBC}") = "HelloClient", "HelloClient.csproj", "{769EF469-4116-499D-90B3-A54FE93388FB}"
EndProject
Global
	GlobalSection(SolutionConfiguration) = preSolution
		ConfigName.0 = Debug
		ConfigName.1 = Release
	EndGlobalSection
	GlobalSection(ProjectDependencies) = postSolution
	EndGlobalSection
	GlobalSection(ProjectConfiguration) = postSolution
		{769EF469-4116-499D-90B3-A54FE93388FB}.Debug.ActiveCfg = Debug|.NET
		{769EF469-4116-499D-90B3-A54FE93388FB}.Debug.Build.0 = Debug|.NET
		{769EF469-4116-499D-90B3-A54FE93388FB}.Release.ActiveCfg = Release|.NET
		{769EF469-4116-499D-90B3-A54FE93388FB}.Release.Build.0 = Release|.NET
	EndGlobalSection
	GlobalSection(ExtensibilityGlobals) = postSolution
	EndGlobalSection
	GlobalSection(ExtensibilityAddIns) = postSolution
	EndGlobalSection
EndGlobal
