Microsoft Visual Studio Solution File, Format Version 7.00
Project("{FAE04EC0-301F-11D3-BF4B-00C04F79EFBC}") = "JitTestClient", "JitTestClient.csproj", "{52A61030-0A5B-47A5-A909-CA94DD8667A0}"
EndProject
Global
	GlobalSection(SolutionConfiguration) = preSolution
		ConfigName.0 = Debug
		ConfigName.1 = Release
	EndGlobalSection
	GlobalSection(ProjectDependencies) = postSolution
	EndGlobalSection
	GlobalSection(ProjectConfiguration) = postSolution
		{52A61030-0A5B-47A5-A909-CA94DD8667A0}.Debug.ActiveCfg = Debug|.NET
		{52A61030-0A5B-47A5-A909-CA94DD8667A0}.Debug.Build.0 = Debug|.NET
		{52A61030-0A5B-47A5-A909-CA94DD8667A0}.Release.ActiveCfg = Release|.NET
		{52A61030-0A5B-47A5-A909-CA94DD8667A0}.Release.Build.0 = Release|.NET
	EndGlobalSection
	GlobalSection(ExtensibilityGlobals) = postSolution
	EndGlobalSection
	GlobalSection(ExtensibilityAddIns) = postSolution
	EndGlobalSection
EndGlobal
