Microsoft Visual Studio Solution File, Format Version 7.00
Project("{FAE04EC0-301F-11D3-BF4B-00C04F79EFBC}") = "CallContextData", "CallContextData.csproj", "{17B307B5-7F7A-49DF-AE5D-CD27DF9DF57F}"
EndProject
Global
	GlobalSection(SolutionConfiguration) = preSolution
		ConfigName.0 = Debug
		ConfigName.1 = Release
	EndGlobalSection
	GlobalSection(ProjectDependencies) = postSolution
	EndGlobalSection
	GlobalSection(ProjectConfiguration) = postSolution
		{17B307B5-7F7A-49DF-AE5D-CD27DF9DF57F}.Debug.ActiveCfg = Debug|.NET
		{17B307B5-7F7A-49DF-AE5D-CD27DF9DF57F}.Debug.Build.0 = Debug|.NET
		{17B307B5-7F7A-49DF-AE5D-CD27DF9DF57F}.Release.ActiveCfg = Release|.NET
		{17B307B5-7F7A-49DF-AE5D-CD27DF9DF57F}.Release.Build.0 = Release|.NET
	EndGlobalSection
	GlobalSection(ExtensibilityGlobals) = postSolution
	EndGlobalSection
	GlobalSection(ExtensibilityAddIns) = postSolution
	EndGlobalSection
EndGlobal
