Microsoft Visual Studio Solution File, Format Version 7.00
Project("{FAE04EC0-301F-11D3-BF4B-00C04F79EFBC}") = "ActiveXTest", "ActiveXTest.csproj", "{6B4DF33F-23F0-4FB0-98BF-9727ECAEDDB1}"
EndProject
Global
	GlobalSection(SolutionConfiguration) = preSolution
		ConfigName.0 = Debug
		ConfigName.1 = Release
	EndGlobalSection
	GlobalSection(ProjectDependencies) = postSolution
	EndGlobalSection
	GlobalSection(ProjectConfiguration) = postSolution
		{6B4DF33F-23F0-4FB0-98BF-9727ECAEDDB1}.Debug.ActiveCfg = Debug|.NET
		{6B4DF33F-23F0-4FB0-98BF-9727ECAEDDB1}.Debug.Build.0 = Debug|.NET
		{6B4DF33F-23F0-4FB0-98BF-9727ECAEDDB1}.Release.ActiveCfg = Release|.NET
		{6B4DF33F-23F0-4FB0-98BF-9727ECAEDDB1}.Release.Build.0 = Release|.NET
	EndGlobalSection
	GlobalSection(ExtensibilityGlobals) = postSolution
	EndGlobalSection
	GlobalSection(ExtensibilityAddIns) = postSolution
	EndGlobalSection
EndGlobal
