Microsoft Visual Studio Solution File, Format Version 7.00
Project("{FAE04EC0-301F-11D3-BF4B-00C04F79EFBC}") = "FileProperties", "FileProperties.csproj", "{24193671-95FF-4292-B3C6-D44FCCB6035B}"
EndProject
Global
	GlobalSection(SolutionConfiguration) = preSolution
		ConfigName.0 = Debug
		ConfigName.1 = Release
	EndGlobalSection
	GlobalSection(ProjectDependencies) = postSolution
	EndGlobalSection
	GlobalSection(ProjectConfiguration) = postSolution
		{24193671-95FF-4292-B3C6-D44FCCB6035B}.Debug.ActiveCfg = Debug|.NET
		{24193671-95FF-4292-B3C6-D44FCCB6035B}.Debug.Build.0 = Debug|.NET
		{24193671-95FF-4292-B3C6-D44FCCB6035B}.Release.ActiveCfg = Release|.NET
		{24193671-95FF-4292-B3C6-D44FCCB6035B}.Release.Build.0 = Release|.NET
	EndGlobalSection
	GlobalSection(ExtensibilityGlobals) = postSolution
	EndGlobalSection
	GlobalSection(ExtensibilityAddIns) = postSolution
	EndGlobalSection
EndGlobal
