Microsoft Visual Studio Solution File, Format Version 7.00
Project("{FAE04EC0-301F-11D3-BF4B-00C04F79EFBC}") = "QuoteClient", "QuoteClient.csproj", "{71F42B32-5D3F-417E-A208-C314A80DE2D1}"
EndProject
Global
	GlobalSection(SolutionConfiguration) = preSolution
		ConfigName.0 = Debug
		ConfigName.1 = Release
	EndGlobalSection
	GlobalSection(ProjectDependencies) = postSolution
	EndGlobalSection
	GlobalSection(ProjectConfiguration) = postSolution
		{71F42B32-5D3F-417E-A208-C314A80DE2D1}.Debug.ActiveCfg = Debug|.NET
		{71F42B32-5D3F-417E-A208-C314A80DE2D1}.Debug.Build.0 = Debug|.NET
		{71F42B32-5D3F-417E-A208-C314A80DE2D1}.Release.ActiveCfg = Release|.NET
		{71F42B32-5D3F-417E-A208-C314A80DE2D1}.Release.Build.0 = Release|.NET
	EndGlobalSection
	GlobalSection(ExtensibilityGlobals) = postSolution
	EndGlobalSection
	GlobalSection(ExtensibilityAddIns) = postSolution
	EndGlobalSection
EndGlobal
