Microsoft Visual Studio Solution File, Format Version 7.00
Project("{FAE04EC0-301F-11D3-BF4B-00C04F79EFBC}") = "WebRequest", "WebRequest.csproj", "{6BB20E69-215D-45CB-8B99-6C324253AD2C}"
EndProject
Global
	GlobalSection(SolutionConfiguration) = preSolution
		ConfigName.0 = Debug
		ConfigName.1 = Release
	EndGlobalSection
	GlobalSection(ProjectDependencies) = postSolution
	EndGlobalSection
	GlobalSection(ProjectConfiguration) = postSolution
		{6BB20E69-215D-45CB-8B99-6C324253AD2C}.Debug.ActiveCfg = Debug|.NET
		{6BB20E69-215D-45CB-8B99-6C324253AD2C}.Debug.Build.0 = Debug|.NET
		{6BB20E69-215D-45CB-8B99-6C324253AD2C}.Release.ActiveCfg = Release|.NET
		{6BB20E69-215D-45CB-8B99-6C324253AD2C}.Release.Build.0 = Release|.NET
	EndGlobalSection
	GlobalSection(ExtensibilityGlobals) = postSolution
	EndGlobalSection
	GlobalSection(ExtensibilityAddIns) = postSolution
	EndGlobalSection
EndGlobal
