Microsoft Visual Studio Solution File, Format Version 7.00
Project("{FAE04EC0-301F-11D3-BF4B-00C04F79EFBC}") = "WebClient", "WebClient.csproj", "{4D44EBC4-1974-4950-B408-7945704F4348}"
EndProject
Global
	GlobalSection(SolutionConfiguration) = preSolution
		ConfigName.0 = Debug
		ConfigName.1 = Release
	EndGlobalSection
	GlobalSection(ProjectDependencies) = postSolution
	EndGlobalSection
	GlobalSection(ProjectConfiguration) = postSolution
		{4D44EBC4-1974-4950-B408-7945704F4348}.Debug.ActiveCfg = Debug|.NET
		{4D44EBC4-1974-4950-B408-7945704F4348}.Debug.Build.0 = Debug|.NET
		{4D44EBC4-1974-4950-B408-7945704F4348}.Release.ActiveCfg = Release|.NET
		{4D44EBC4-1974-4950-B408-7945704F4348}.Release.Build.0 = Release|.NET
	EndGlobalSection
	GlobalSection(ExtensibilityGlobals) = postSolution
	EndGlobalSection
	GlobalSection(ExtensibilityAddIns) = postSolution
	EndGlobalSection
EndGlobal
