Microsoft Visual Studio Solution File, Format Version 7.00
Project("{FAE04EC0-301F-11D3-BF4B-00C04F79EFBC}") = "SerialSample2", "SerialSample2.csproj", "{7F38EDDA-2DFE-440B-BCB5-9F48121D367F}"
EndProject
Global
	GlobalSection(SolutionConfiguration) = preSolution
		ConfigName.0 = Debug
		ConfigName.1 = Release
	EndGlobalSection
	GlobalSection(ProjectDependencies) = postSolution
	EndGlobalSection
	GlobalSection(ProjectConfiguration) = postSolution
		{7F38EDDA-2DFE-440B-BCB5-9F48121D367F}.Debug.ActiveCfg = Debug|.NET
		{7F38EDDA-2DFE-440B-BCB5-9F48121D367F}.Debug.Build.0 = Debug|.NET
		{7F38EDDA-2DFE-440B-BCB5-9F48121D367F}.Release.ActiveCfg = Release|.NET
		{7F38EDDA-2DFE-440B-BCB5-9F48121D367F}.Release.Build.0 = Release|.NET
	EndGlobalSection
	GlobalSection(ExtensibilityGlobals) = postSolution
	EndGlobalSection
	GlobalSection(ExtensibilityAddIns) = postSolution
	EndGlobalSection
EndGlobal
