Microsoft Visual Studio Solution File, Format Version 7.00
Project("{FAE04EC0-301F-11D3-BF4B-00C04F79EFBC}") = "SimpleGraphics", "SimpleGraphics.csproj", "{FC5BDD9C-0246-4901-BB0C-1E6E9B393BAE}"
EndProject
Global
	GlobalSection(SolutionConfiguration) = preSolution
		ConfigName.0 = Debug
		ConfigName.1 = Release
	EndGlobalSection
	GlobalSection(ProjectDependencies) = postSolution
	EndGlobalSection
	GlobalSection(ProjectConfiguration) = postSolution
		{FC5BDD9C-0246-4901-BB0C-1E6E9B393BAE}.Debug.ActiveCfg = Debug|.NET
		{FC5BDD9C-0246-4901-BB0C-1E6E9B393BAE}.Debug.Build.0 = Debug|.NET
		{FC5BDD9C-0246-4901-BB0C-1E6E9B393BAE}.Release.ActiveCfg = Release|.NET
		{FC5BDD9C-0246-4901-BB0C-1E6E9B393BAE}.Release.Build.0 = Release|.NET
	EndGlobalSection
	GlobalSection(ExtensibilityGlobals) = postSolution
	EndGlobalSection
	GlobalSection(ExtensibilityAddIns) = postSolution
	EndGlobalSection
EndGlobal
