Microsoft Visual Studio Solution File, Format Version 7.00
Project("{FAE04EC0-301F-11D3-BF4B-00C04F79EFBC}") = "UdpExample", "UdpExample.csproj", "{94947CB7-7BCF-4986-99B1-559CF964B8AC}"
EndProject
Global
	GlobalSection(SolutionConfiguration) = preSolution
		ConfigName.0 = Debug
		ConfigName.1 = Release
	EndGlobalSection
	GlobalSection(ProjectDependencies) = postSolution
	EndGlobalSection
	GlobalSection(ProjectConfiguration) = postSolution
		{94947CB7-7BCF-4986-99B1-559CF964B8AC}.Debug.ActiveCfg = Debug|.NET
		{94947CB7-7BCF-4986-99B1-559CF964B8AC}.Debug.Build.0 = Debug|.NET
		{94947CB7-7BCF-4986-99B1-559CF964B8AC}.Release.ActiveCfg = Release|.NET
		{94947CB7-7BCF-4986-99B1-559CF964B8AC}.Release.Build.0 = Release|.NET
	EndGlobalSection
	GlobalSection(ExtensibilityGlobals) = postSolution
	EndGlobalSection
	GlobalSection(ExtensibilityAddIns) = postSolution
	EndGlobalSection
EndGlobal
